
Microsoft Visual Studio Solution File, Format Version 12.00
# Visual Studio Version 16
VisualStudioVersion = 16.0.30002.166
MinimumVisualStudioVersion = 10.0.40219.1
Project("{2150E333-8FDC-42A3-9474-1A3956D46DE8}") = "src", "src", "{2A3D8DDA-9151-46FB-ACD7-D2E274056A59}"
EndProject
Project("{2150E333-8FDC-42A3-9474-1A3956D46DE8}") = "test", "test", "{2B25D090-BF99-4B14-9DE7-1A3810C392B3}"
EndProject
Project("{FAE04EC0-301F-11D3-BF4B-00C04F79EFBC}") = "PMO.API", "PMO.API\PMO.API.csproj", "{4B5CB368-A341-4297-B373-C379B579D3ED}"
EndProject
Project("{FAE04EC0-301F-11D3-BF4B-00C04F79EFBC}") = "PMO.API.Test", "test\PMO.API.Test\PMO.API.Test.csproj", "{88195EA6-97E7-4A03-A13C-A592EC88E60E}"
EndProject
Global
	GlobalSection(SolutionConfigurationPlatforms) = preSolution
		Debug|Any CPU = Debug|Any CPU
		Release|Any CPU = Release|Any CPU
	EndGlobalSection
	GlobalSection(ProjectConfigurationPlatforms) = postSolution
		{4B5CB368-A341-4297-B373-C379B579D3ED}.Debug|Any CPU.ActiveCfg = Debug|Any CPU
		{4B5CB368-A341-4297-B373-C379B579D3ED}.Debug|Any CPU.Build.0 = Debug|Any CPU
		{4B5CB368-A341-4297-B373-C379B579D3ED}.Release|Any CPU.ActiveCfg = Release|Any CPU
		{4B5CB368-A341-4297-B373-C379B579D3ED}.Release|Any CPU.Build.0 = Release|Any CPU
		{88195EA6-97E7-4A03-A13C-A592EC88E60E}.Debug|Any CPU.ActiveCfg = Debug|Any CPU
		{88195EA6-97E7-4A03-A13C-A592EC88E60E}.Debug|Any CPU.Build.0 = Debug|Any CPU
		{88195EA6-97E7-4A03-A13C-A592EC88E60E}.Release|Any CPU.ActiveCfg = Release|Any CPU
		{88195EA6-97E7-4A03-A13C-A592EC88E60E}.Release|Any CPU.Build.0 = Release|Any CPU
	EndGlobalSection
	GlobalSection(SolutionProperties) = preSolution
		HideSolutionNode = FALSE
	EndGlobalSection
	GlobalSection(NestedProjects) = preSolution
		{4B5CB368-A341-4297-B373-C379B579D3ED} = {2A3D8DDA-9151-46FB-ACD7-D2E274056A59}
		{88195EA6-97E7-4A03-A13C-A592EC88E60E} = {2B25D090-BF99-4B14-9DE7-1A3810C392B3}
	EndGlobalSection
	GlobalSection(ExtensibilityGlobals) = postSolution
		SolutionGuid = {66BC930C-F8BD-4107-9522-EEBA681A8CEE}
	EndGlobalSection
EndGlobal
